
Microsoft Visual Studio Solution File, Format Version 12.00
# Visual Studio Version 17
VisualStudioVersion = 17.9.34622.214
MinimumVisualStudioVersion = 10.0.40219.1
Project("{9A19103F-16F7-4668-BE54-9A1E7A4F7556}") = "HockeyScores", "HockeyScores\HockeyScores.csproj", "{644203E4-98AF-408A-AF70-6F294C374BC9}"
EndProject
Project("{FAE04EC0-301F-11D3-BF4B-00C04F79EFBC}") = "HockeyScores.Tests", "HockeyScores.Tests\HockeyScores.Tests.csproj", "{47FDE6DD-CD82-471F-A0F0-287B2706E31F}"
EndProject
Global
	GlobalSection(SolutionConfigurationPlatforms) = preSolution
		Debug|Any CPU = Debug|Any CPU
		Release|Any CPU = Release|Any CPU
	EndGlobalSection
	GlobalSection(ProjectConfigurationPlatforms) = postSolution
		{644203E4-98AF-408A-AF70-6F294C374BC9}.Debug|Any CPU.ActiveCfg = Debug|Any CPU
		{644203E4-98AF-408A-AF70-6F294C374BC9}.Debug|Any CPU.Build.0 = Debug|Any CPU
		{644203E4-98AF-408A-AF70-6F294C374BC9}.Release|Any CPU.ActiveCfg = Release|Any CPU
		{644203E4-98AF-408A-AF70-6F294C374BC9}.Release|Any CPU.Build.0 = Release|Any CPU
		{47FDE6DD-CD82-471F-A0F0-287B2706E31F}.Debug|Any CPU.ActiveCfg = Debug|Any CPU
		{47FDE6DD-CD82-471F-A0F0-287B2706E31F}.Debug|Any CPU.Build.0 = Debug|Any CPU
		{47FDE6DD-CD82-471F-A0F0-287B2706E31F}.Release|Any CPU.ActiveCfg = Release|Any CPU
		{47FDE6DD-CD82-471F-A0F0-287B2706E31F}.Release|Any CPU.Build.0 = Release|Any CPU
	EndGlobalSection
	GlobalSection(SolutionProperties) = preSolution
		HideSolutionNode = FALSE
	EndGlobalSection
	GlobalSection(ExtensibilityGlobals) = postSolution
		SolutionGuid = {5626C88E-A1D5-4104-8547-61B742B1259B}
	EndGlobalSection
EndGlobal
